<?xml version="1.0" encoding="UTF-8" standalone="yes" ?>
<CodeBlocks_project_file>
	<FileVersion major="1" minor="6" />
	<Project>
		<Option title="Vasya-prepare-jam-for-winter" />
		<Option pch_mode="2" />
		<Option compiler="gcc" />
		<Build>
			<Target title="Release">
				<Option output="bin/Release/Vasya-prepare-jam-for-winter" prefix_auto="1" extension_auto="1" />
				<Option object_output="obj/Release/" />
				<Option type="1" />
				<Option compiler="gcc" />
				<Compiler>
					<Add option="-O2" />
					<Add directory="/home/ilyuha/Загрузки/SFML-2.6.1 Linux/include" />
				</Compiler>
				<Linker>
					<Add option="-s" />
					<Add option="-lsfml-graphics -lsfml-window -lsfml-system -lsfml-audio" />
					<Add directory="/home/ilyuha/Загрузки/SFML-2.6.1 Linux/lib" />
				</Linker>
			</Target>
		</Build>
		<Compiler>
			<Add option="-Wall" />
		</Compiler>
		<Unit filename="include/MainMenu.hpp" />
		<Unit filename="include/MapParser.hpp" />
		<Unit filename="include/backTexture.hpp" />
		<Unit filename="include/background.hpp" />
		<Unit filename="include/cloud.hpp" />
		<Unit filename="include/enemy/bird.hpp" />
		<Unit filename="include/enemy/rabbit.hpp" />
		<Unit filename="include/enemy/turtle.hpp" />
		<Unit filename="include/game.hpp" />
		<Unit filename="include/ground.hpp" />
		<Unit filename="include/jam.hpp" />
		<Unit filename="include/label.hpp" />
		<Unit filename="include/level.hpp" />
		<Unit filename="include/player.hpp" />
		<Unit filename="png/back/cloud.png" />
		<Unit filename="png/back/house.png" />
		<Unit filename="png/back/sun.png" />
		<Unit filename="png/back/tree.png" />
		<Unit filename="png/background.png" />
		<Unit filename="png/enemy/bird1.png" />
		<Unit filename="png/enemy/bird2.png" />
		<Unit filename="png/enemy/rabbit1.png" />
		<Unit filename="png/enemy/rabbit2.png" />
		<Unit filename="png/enemy/turtle1.png" />
		<Unit filename="png/enemy/turtle2.png" />
		<Unit filename="png/ground.png" />
		<Unit filename="png/ground_top.png" />
		<Unit filename="png/jam.png" />
		<Unit filename="png/menu/grabber.png" />
		<Unit filename="png/menu/grabber_hover.png" />
		<Unit filename="png/menu/hover_button.png" />
		<Unit filename="png/menu/label.png" />
		<Unit filename="png/menu/play.png" />
		<Unit filename="png/menu/slider.png" />
		<Unit filename="png/player/fall.png" />
		<Unit filename="png/player/idle.png" />
		<Unit filename="png/player/jump.png" />
		<Unit filename="png/player/lose.png" />
		<Unit filename="png/player/walk1.png" />
		<Unit filename="png/player/walk2.png" />
		<Unit filename="src/MainMenu.cpp" />
		<Unit filename="src/MapParser.cpp" />
		<Unit filename="src/backTexture.cpp" />
		<Unit filename="src/background.cpp" />
		<Unit filename="src/cloud.cpp" />
		<Unit filename="src/enemy/bird.cpp" />
		<Unit filename="src/enemy/rabbit.cpp" />
		<Unit filename="src/enemy/turtle.cpp" />
		<Unit filename="src/game.cpp" />
		<Unit filename="src/ground.cpp" />
		<Unit filename="src/jam.cpp" />
		<Unit filename="src/label.cpp" />
		<Unit filename="src/level.cpp" />
		<Unit filename="src/main.cpp" />
		<Unit filename="src/player.cpp" />
		<Extensions>
			<lib_finder disable_auto="1" />
		</Extensions>
	</Project>
</CodeBlocks_project_file>
